{
  "originHash" : "c3d25accb05db2dbcb91cc49079130df6cb945ff85e502cbf729e5c23448a832",
  "pins" : [
    {
      "identity" : "flagsmith-ios-client",
      "kind" : "remoteSourceControl",
      "location" : "https://github.com/Flagsmith/flagsmith-ios-client.git",
      "state" : {
        "revision" : "31e9be36398d213fc07b5d77c08d8cce5ee2f508",
        "version" : "3.6.2"
      }
    }
  ],
  "version" : 3
}
