{
  "originHash" : "0d87ff40ad20dba5103fb26f0a3b91c3f79cb08acc521d6ca471b4763371c313",
  "pins" : [
    {
      "identity" : "appsflyerframework-static",
      "kind" : "remoteSourceControl",
      "location" : "https://github.com/AppsFlyerSDK/AppsFlyerFramework-Static",
      "state" : {
        "revision" : "ee61c7cd170e72235d9c029ec7df69aaa5a4b623",
        "version" : "6.15.2"
      }
    },
    {
      "identity" : "flagsmith-ios-client",
      "kind" : "remoteSourceControl",
      "location" : "https://github.com/Flagsmith/flagsmith-ios-client.git",
      "state" : {
        "revision" : "31e9be36398d213fc07b5d77c08d8cce5ee2f508",
        "version" : "3.6.2"
      }
    }
  ],
  "version" : 3
}
